// !$*UTF8*$!
{
	archiveVersion = 1;
	classes = {
	};
	objectVersion = 46;
	objects = {

/* Begin PBXBuildFile section */
		97C279521A736F1D009D4B5C /* main.m in Sources */ = {isa = PBXBuildFile; fileRef = 97C279511A736F1D009D4B5C /* main.m */; };
		97C279551A736F1D009D4B5C /* AppDelegate.m in Sources */ = {isa = PBXBuildFile; fileRef = 97C279541A736F1D009D4B5C /* AppDelegate.m */; };
		97C279581A736F1D009D4B5C /* RootViewController.m in Sources */ = {isa = PBXBuildFile; fileRef = 97C279571A736F1D009D4B5C /* RootViewController.m */; };
		97C2795B1A736F1D009D4B5C /* DataViewController.m in Sources */ = {isa = PBXBuildFile; fileRef = 97C2795A1A736F1D009D4B5C /* DataViewController.m */; };
		97C2795E1A736F1D009D4B5C /* ModelController.m in Sources */ = {isa = PBXBuildFile; fileRef = 97C2795D1A736F1D009D4B5C /* ModelController.m */; };
		97C279611A736F1D009D4B5C /* Main.storyboard in Resources */ = {isa = PBXBuildFile; fileRef = 97C2795F1A736F1D009D4B5C /* Main.storyboard */; };
		97C279631A736F1D009D4B5C /* Images.xcassets in Resources */ = {isa = PBXBuildFile; fileRef = 97C279621A736F1D009D4B5C /* Images.xcassets */; };
		97C279661A736F1D009D4B5C /* LaunchScreen.xib in Resources */ = {isa = PBXBuildFile; fileRef = 97C279641A736F1D009D4B5C /* LaunchScreen.xib */; };
		97C279721A736F1D009D4B5C /* RunnerPictureMapperTests.m in Sources */ = {isa = PBXBuildFile; fileRef = 97C279711A736F1D009D4B5C /* RunnerPictureMapperTests.m */; };
		97C2797E1A747FAC009D4B5C /* RPMCameraLauncherViewController.m in Sources */ = {isa = PBXBuildFile; fileRef = 97C2797D1A747FAC009D4B5C /* RPMCameraLauncherViewController.m */; };
/* End PBXBuildFile section */

/* Begin PBXContainerItemProxy section */
		97C2796C1A736F1D009D4B5C /* PBXContainerItemProxy */ = {
			isa = PBXContainerItemProxy;
			containerPortal = 97C279441A736F1D009D4B5C /* Project object */;
			proxyType = 1;
			remoteGlobalIDString = 97C2794B1A736F1D009D4B5C;
			remoteInfo = RunnerPictureMapper;
		};
/* End PBXContainerItemProxy section */

/* Begin PBXFileReference section */
		97C2794C1A736F1D009D4B5C /* RunnerPictureMapper.app */ = {isa = PBXFileReference; explicitFileType = wrapper.application; includeInIndex = 0; path = RunnerPictureMapper.app; sourceTree = BUILT_PRODUCTS_DIR; };
		97C279501A736F1D009D4B5C /* Info.plist */ = {isa = PBXFileReference; lastKnownFileType = text.plist.xml; path = Info.plist; sourceTree = "<group>"; };
		97C279511A736F1D009D4B5C /* main.m */ = {isa = PBXFileReference; lastKnownFileType = sourcecode.c.objc; path = main.m; sourceTree = "<group>"; };
		97C279531A736F1D009D4B5C /* AppDelegate.h */ = {isa = PBXFileReference; lastKnownFileType = sourcecode.c.h; path = AppDelegate.h; sourceTree = "<group>"; };
		97C279541A736F1D009D4B5C /* AppDelegate.m */ = {isa = PBXFileReference; lastKnownFileType = sourcecode.c.objc; path = AppDelegate.m; sourceTree = "<group>"; };
		97C279561A736F1D009D4B5C /* RootViewController.h */ = {isa = PBXFileReference; lastKnownFileType = sourcecode.c.h; path = RootViewController.h; sourceTree = "<group>"; };
		97C279571A736F1D009D4B5C /* RootViewController.m */ = {isa = PBXFileReference; lastKnownFileType = sourcecode.c.objc; path = RootViewController.m; sourceTree = "<group>"; };
		97C279591A736F1D009D4B5C /* DataViewController.h */ = {isa = PBXFileReference; lastKnownFileType = sourcecode.c.h; path = DataViewController.h; sourceTree = "<group>"; };
		97C2795A1A736F1D009D4B5C /* DataViewController.m */ = {isa = PBXFileReference; lastKnownFileType = sourcecode.c.objc; path = DataViewController.m; sourceTree = "<group>"; };
		97C2795C1A736F1D009D4B5C /* ModelController.h */ = {isa = PBXFileReference; lastKnownFileType = sourcecode.c.h; path = ModelController.h; sourceTree = "<group>"; };
		97C2795D1A736F1D009D4B5C /* ModelController.m */ = {isa = PBXFileReference; lastKnownFileType = sourcecode.c.objc; path = ModelController.m; sourceTree = "<group>"; };
		97C279601A736F1D009D4B5C /* Base */ = {isa = PBXFileReference; lastKnownFileType = file.storyboard; name = Base; path = Base.lproj/Main.storyboard; sourceTree = "<group>"; };
		97C279621A736F1D009D4B5C /* Images.xcassets */ = {isa = PBXFileReference; lastKnownFileType = folder.assetcatalog; path = Images.xcassets; sourceTree = "<group>"; };
		97C279651A736F1D009D4B5C /* Base */ = {isa = PBXFileReference; lastKnownFileType = file.xib; name = Base; path = Base.lproj/LaunchScreen.xib; sourceTree = "<group>"; };
		97C2796B1A736F1D009D4B5C /* RunnerPictureMapperTests.xctest */ = {isa = PBXFileReference; explicitFileType = wrapper.cfbundle; includeInIndex = 0; path = RunnerPictureMapperTests.xctest; sourceTree = BUILT_PRODUCTS_DIR; };
		97C279701A736F1D009D4B5C /* Info.plist */ = {isa = PBXFileReference; lastKnownFileType = text.plist.xml; path = Info.plist; sourceTree = "<group>"; };
		97C279711A736F1D009D4B5C /* RunnerPictureMapperTests.m */ = {isa = PBXFileReference; lastKnownFileType = sourcecode.c.objc; path = RunnerPictureMapperTests.m; sourceTree = "<group>"; };
		97C2797B1A73739B009D4B5C /* Constants.h */ = {isa = PBXFileReference; lastKnownFileType = sourcecode.c.h; path = Constants.h; sourceTree = "<group>"; };
		97C2797C1A747FAC009D4B5C /* RPMCameraLauncherViewController.h */ = {isa = PBXFileReference; fileEncoding = 4; lastKnownFileType = sourcecode.c.h; path = RPMCameraLauncherViewController.h; sourceTree = "<group>"; };
		97C2797D1A747FAC009D4B5C /* RPMCameraLauncherViewController.m */ = {isa = PBXFileReference; fileEncoding = 4; lastKnownFileType = sourcecode.c.objc; path = RPMCameraLauncherViewController.m; sourceTree = "<group>"; };
/* End PBXFileReference section */

/* Begin PBXFrameworksBuildPhase section */
		97C279491A736F1D009D4B5C /* Frameworks */ = {
			isa = PBXFrameworksBuildPhase;
			buildActionMask = 2147483647;
			files = (
			);
			runOnlyForDeploymentPostprocessing = 0;
		};
		97C279681A736F1D009D4B5C /* Frameworks */ = {
			isa = PBXFrameworksBuildPhase;
			buildActionMask = 2147483647;
			files = (
			);
			runOnlyForDeploymentPostprocessing = 0;
		};
/* End PBXFrameworksBuildPhase section */

/* Begin PBXGroup section */
		97C279431A736F1D009D4B5C = {
			isa = PBXGroup;
			children = (
				97C2794E1A736F1D009D4B5C /* RunnerPictureMapper */,
				97C2796E1A736F1D009D4B5C /* RunnerPictureMapperTests */,
				97C2794D1A736F1D009D4B5C /* Products */,
			);
			sourceTree = "<group>";
		};
		97C2794D1A736F1D009D4B5C /* Products */ = {
			isa = PBXGroup;
			children = (
				97C2794C1A736F1D009D4B5C /* RunnerPictureMapper.app */,
				97C2796B1A736F1D009D4B5C /* RunnerPictureMapperTests.xctest */,
			);
			name = Products;
			sourceTree = "<group>";
		};
		97C2794E1A736F1D009D4B5C /* RunnerPictureMapper */ = {
			isa = PBXGroup;
			children = (
				97C279531A736F1D009D4B5C /* AppDelegate.h */,
				97C279541A736F1D009D4B5C /* AppDelegate.m */,
				97C279561A736F1D009D4B5C /* RootViewController.h */,
				97C279571A736F1D009D4B5C /* RootViewController.m */,
				97C279591A736F1D009D4B5C /* DataViewController.h */,
				97C2795A1A736F1D009D4B5C /* DataViewController.m */,
				97C2797B1A73739B009D4B5C /* Constants.h */,
				97C2795C1A736F1D009D4B5C /* ModelController.h */,
				97C2795D1A736F1D009D4B5C /* ModelController.m */,
				97C2797C1A747FAC009D4B5C /* RPMCameraLauncherViewController.h */,
				97C2797D1A747FAC009D4B5C /* RPMCameraLauncherViewController.m */,
				97C2795F1A736F1D009D4B5C /* Main.storyboard */,
				97C279621A736F1D009D4B5C /* Images.xcassets */,
				97C279641A736F1D009D4B5C /* LaunchScreen.xib */,
				97C2794F1A736F1D009D4B5C /* Supporting Files */,
			);
			path = RunnerPictureMapper;
			sourceTree = "<group>";
		};
		97C2794F1A736F1D009D4B5C /* Supporting Files */ = {
			isa = PBXGroup;
			children = (
				97C279501A736F1D009D4B5C /* Info.plist */,
				97C279511A736F1D009D4B5C /* main.m */,
			);
			name = "Supporting Files";
			sourceTree = "<group>";
		};
		97C2796E1A736F1D009D4B5C /* RunnerPictureMapperTests */ = {
			isa = PBXGroup;
			children = (
				97C279711A736F1D009D4B5C /* RunnerPictureMapperTests.m */,
				97C2796F1A736F1D009D4B5C /* Supporting Files */,
			);
			path = RunnerPictureMapperTests;
			sourceTree = "<group>";
		};
		97C2796F1A736F1D009D4B5C /* Supporting Files */ = {
			isa = PBXGroup;
			children = (
				97C279701A736F1D009D4B5C /* Info.plist */,
			);
			name = "Supporting Files";
			sourceTree = "<group>";
		};
/* End PBXGroup section */

/* Begin PBXNativeTarget section */
		97C2794B1A736F1D009D4B5C /* RunnerPictureMapper */ = {
			isa = PBXNativeTarget;
			buildConfigurationList = 97C279751A736F1D009D4B5C /* Build configuration list for PBXNativeTarget "RunnerPictureMapper" */;
			buildPhases = (
				97C279481A736F1D009D4B5C /* Sources */,
				97C279491A736F1D009D4B5C /* Frameworks */,
				97C2794A1A736F1D009D4B5C /* Resources */,
			);
			buildRules = (
			);
			dependencies = (
			);
			name = RunnerPictureMapper;
			productName = RunnerPictureMapper;
			productReference = 97C2794C1A736F1D009D4B5C /* RunnerPictureMapper.app */;
			productType = "com.apple.product-type.application";
		};
		97C2796A1A736F1D009D4B5C /* RunnerPictureMapperTests */ = {
			isa = PBXNativeTarget;
			buildConfigurationList = 97C279781A736F1D009D4B5C /* Build configuration list for PBXNativeTarget "RunnerPictureMapperTests" */;
			buildPhases = (
				97C279671A736F1D009D4B5C /* Sources */,
				97C279681A736F1D009D4B5C /* Frameworks */,
				97C279691A736F1D009D4B5C /* Resources */,
			);
			buildRules = (
			);
			dependencies = (
				97C2796D1A736F1D009D4B5C /* PBXTargetDependency */,
			);
			name = RunnerPictureMapperTests;
			productName = RunnerPictureMapperTests;
			productReference = 97C2796B1A736F1D009D4B5C /* RunnerPictureMapperTests.xctest */;
			productType = "com.apple.product-type.bundle.unit-test";
		};
/* End PBXNativeTarget section */

/* Begin PBXProject section */
		97C279441A736F1D009D4B5C /* Project object */ = {
			isa = PBXProject;
			attributes = {
				LastUpgradeCheck = 0610;
				ORGANIZATIONNAME = "Jordan Zucker";
				TargetAttributes = {
					97C2794B1A736F1D009D4B5C = {
						CreatedOnToolsVersion = 6.1.1;
					};
					97C2796A1A736F1D009D4B5C = {
						CreatedOnToolsVersion = 6.1.1;
						TestTargetID = 97C2794B1A736F1D009D4B5C;
					};
				};
			};
			buildConfigurationList = 97C279471A736F1D009D4B5C /* Build configuration list for PBXProject "RunnerPictureMapper" */;
			compatibilityVersion = "Xcode 3.2";
			developmentRegion = English;
			hasScannedForEncodings = 0;
			knownRegions = (
				en,
				Base,
			);
			mainGroup = 97C279431A736F1D009D4B5C;
			productRefGroup = 97C2794D1A736F1D009D4B5C /* Products */;
			projectDirPath = "";
			projectRoot = "";
			targets = (
				97C2794B1A736F1D009D4B5C /* RunnerPictureMapper */,
				97C2796A1A736F1D009D4B5C /* RunnerPictureMapperTests */,
			);
		};
/* End PBXProject section */

/* Begin PBXResourcesBuildPhase section */
		97C2794A1A736F1D009D4B5C /* Resources */ = {
			isa = PBXResourcesBuildPhase;
			buildActionMask = 2147483647;
			files = (
				97C279611A736F1D009D4B5C /* Main.storyboard in Resources */,
				97C279661A736F1D009D4B5C /* LaunchScreen.xib in Resources */,
				97C279631A736F1D009D4B5C /* Images.xcassets in Resources */,
			);
			runOnlyForDeploymentPostprocessing = 0;
		};
		97C279691A736F1D009D4B5C /* Resources */ = {
			isa = PBXResourcesBuildPhase;
			buildActionMask = 2147483647;
			files = (
			);
			runOnlyForDeploymentPostprocessing = 0;
		};
/* End PBXResourcesBuildPhase section */

/* Begin PBXSourcesBuildPhase section */
		97C279481A736F1D009D4B5C /* Sources */ = {
			isa = PBXSourcesBuildPhase;
			buildActionMask = 2147483647;
			files = (
				97C2795B1A736F1D009D4B5C /* DataViewController.m in Sources */,
				97C279551A736F1D009D4B5C /* AppDelegate.m in Sources */,
				97C2795E1A736F1D009D4B5C /* ModelController.m in Sources */,
				97C2797E1A747FAC009D4B5C /* RPMCameraLauncherViewController.m in Sources */,
				97C279521A736F1D009D4B5C /* main.m in Sources */,
				97C279581A736F1D009D4B5C /* RootViewController.m in Sources */,
			);
			runOnlyForDeploymentPostprocessing = 0;
		};
		97C279671A736F1D009D4B5C /* Sources */ = {
			isa = PBXSourcesBuildPhase;
			buildActionMask = 2147483647;
			files = (
				97C279721A736F1D009D4B5C /* RunnerPictureMapperTests.m in Sources */,
			);
			runOnlyForDeploymentPostprocessing = 0;
		};
/* End PBXSourcesBuildPhase section */

/* Begin PBXTargetDependency section */
		97C2796D1A736F1D009D4B5C /* PBXTargetDependency */ = {
			isa = PBXTargetDependency;
			target = 97C2794B1A736F1D009D4B5C /* RunnerPictureMapper */;
			targetProxy = 97C2796C1A736F1D009D4B5C /* PBXContainerItemProxy */;
		};
/* End PBXTargetDependency section */

/* Begin PBXVariantGroup section */
		97C2795F1A736F1D009D4B5C /* Main.storyboard */ = {
			isa = PBXVariantGroup;
			children = (
				97C279601A736F1D009D4B5C /* Base */,
			);
			name = Main.storyboard;
			sourceTree = "<group>";
		};
		97C279641A736F1D009D4B5C /* LaunchScreen.xib */ = {
			isa = PBXVariantGroup;
			children = (
				97C279651A736F1D009D4B5C /* Base */,
			);
			name = LaunchScreen.xib;
			sourceTree = "<group>";
		};
/* End PBXVariantGroup section */

/* Begin XCBuildConfiguration section */
		97C279731A736F1D009D4B5C /* Debug */ = {
			isa = XCBuildConfiguration;
			buildSettings = {
				ALWAYS_SEARCH_USER_PATHS = NO;
				CLANG_CXX_LANGUAGE_STANDARD = "gnu++0x";
				CLANG_CXX_LIBRARY = "libc++";
				CLANG_ENABLE_MODULES = YES;
				CLANG_ENABLE_OBJC_ARC = YES;
				CLANG_WARN_BOOL_CONVERSION = YES;
				CLANG_WARN_CONSTANT_CONVERSION = YES;
				CLANG_WARN_DIRECT_OBJC_ISA_USAGE = YES_ERROR;
				CLANG_WARN_EMPTY_BODY = YES;
				CLANG_WARN_ENUM_CONVERSION = YES;
				CLANG_WARN_INT_CONVERSION = YES;
				CLANG_WARN_OBJC_ROOT_CLASS = YES_ERROR;
				CLANG_WARN_UNREACHABLE_CODE = YES;
				CLANG_WARN__DUPLICATE_METHOD_MATCH = YES;
				"CODE_SIGN_IDENTITY[sdk=iphoneos*]" = "iPhone Developer";
				COPY_PHASE_STRIP = NO;
				ENABLE_STRICT_OBJC_MSGSEND = YES;
				GCC_C_LANGUAGE_STANDARD = gnu99;
				GCC_DYNAMIC_NO_PIC = NO;
				GCC_OPTIMIZATION_LEVEL = 0;
				GCC_PREPROCESSOR_DEFINITIONS = (
					"DEBUG=1",
					"$(inherited)",
				);
				GCC_SYMBOLS_PRIVATE_EXTERN = NO;
				GCC_WARN_64_TO_32_BIT_CONVERSION = YES;
				GCC_WARN_ABOUT_RETURN_TYPE = YES_ERROR;
				GCC_WARN_UNDECLARED_SELECTOR = YES;
				GCC_WARN_UNINITIALIZED_AUTOS = YES_AGGRESSIVE;
				GCC_WARN_UNUSED_FUNCTION = YES;
				GCC_WARN_UNUSED_VARIABLE = YES;
				IPHONEOS_DEPLOYMENT_TARGET = 8.1;
				MTL_ENABLE_DEBUG_INFO = YES;
				ONLY_ACTIVE_ARCH = YES;
				SDKROOT = iphoneos;
			};
			name = Debug;
		};
		97C279741A736F1D009D4B5C /* Release */ = {
			isa = XCBuildConfiguration;
			buildSettings = {
				ALWAYS_SEARCH_USER_PATHS = NO;
				CLANG_CXX_LANGUAGE_STANDARD = "gnu++0x";
				CLANG_CXX_LIBRARY = "libc++";
				CLANG_ENABLE_MODULES = YES;
				CLANG_ENABLE_OBJC_ARC = YES;
				CLANG_WARN_BOOL_CONVERSION = YES;
				CLANG_WARN_CONSTANT_CONVERSION = YES;
				CLANG_WARN_DIRECT_OBJC_ISA_USAGE = YES_ERROR;
				CLANG_WARN_EMPTY_BODY = YES;
				CLANG_WARN_ENUM_CONVERSION = YES;
				CLANG_WARN_INT_CONVERSION = YES;
				CLANG_WARN_OBJC_ROOT_CLASS = YES_ERROR;
				CLANG_WARN_UNREACHABLE_CODE = YES;
				CLANG_WARN__DUPLICATE_METHOD_MATCH = YES;
				"CODE_SIGN_IDENTITY[sdk=iphoneos*]" = "iPhone Developer";
				COPY_PHASE_STRIP = YES;
				ENABLE_NS_ASSERTIONS = NO;
				ENABLE_STRICT_OBJC_MSGSEND = YES;
				GCC_C_LANGUAGE_STANDARD = gnu99;
				GCC_WARN_64_TO_32_BIT_CONVERSION = YES;
				GCC_WARN_ABOUT_RETURN_TYPE = YES_ERROR;
				GCC_WARN_UNDECLARED_SELECTOR = YES;
				GCC_WARN_UNINITIALIZED_AUTOS = YES_AGGRESSIVE;
				GCC_WARN_UNUSED_FUNCTION = YES;
				GCC_WARN_UNUSED_VARIABLE = YES;
				IPHONEOS_DEPLOYMENT_TARGET = 8.1;
				MTL_ENABLE_DEBUG_INFO = NO;
				SDKROOT = iphoneos;
				VALIDATE_PRODUCT = YES;
			};
			name = Release;
		};
		97C279761A736F1D009D4B5C /* Debug */ = {
			isa = XCBuildConfiguration;
			buildSettings = {
				ASSETCATALOG_COMPILER_APPICON_NAME = AppIcon;
				INFOPLIST_FILE = RunnerPictureMapper/Info.plist;
				LD_RUNPATH_SEARCH_PATHS = "$(inherited) @executable_path/Frameworks";
				PRODUCT_NAME = "$(TARGET_NAME)";
			};
			name = Debug;
		};
		97C279771A736F1D009D4B5C /* Release */ = {
			isa = XCBuildConfiguration;
			buildSettings = {
				ASSETCATALOG_COMPILER_APPICON_NAME = AppIcon;
				INFOPLIST_FILE = RunnerPictureMapper/Info.plist;
				LD_RUNPATH_SEARCH_PATHS = "$(inherited) @executable_path/Frameworks";
				PRODUCT_NAME = "$(TARGET_NAME)";
			};
			name = Release;
		};
		97C279791A736F1D009D4B5C /* Debug */ = {
			isa = XCBuildConfiguration;
			buildSettings = {
				BUNDLE_LOADER = "$(TEST_HOST)";
				FRAMEWORK_SEARCH_PATHS = (
					"$(SDKROOT)/Developer/Library/Frameworks",
					"$(inherited)",
				);
				GCC_PREPROCESSOR_DEFINITIONS = (
					"DEBUG=1",
					"$(inherited)",
				);
				INFOPLIST_FILE = RunnerPictureMapperTests/Info.plist;
				LD_RUNPATH_SEARCH_PATHS = "$(inherited) @executable_path/Frameworks @loader_path/Frameworks";
				PRODUCT_NAME = "$(TARGET_NAME)";
				TEST_HOST = "$(BUILT_PRODUCTS_DIR)/RunnerPictureMapper.app/RunnerPictureMapper";
			};
			name = Debug;
		};
		97C2797A1A736F1D009D4B5C /* Release */ = {
			isa = XCBuildConfiguration;
			buildSettings = {
				BUNDLE_LOADER = "$(TEST_HOST)";
				FRAMEWORK_SEARCH_PATHS = (
					"$(SDKROOT)/Developer/Library/Frameworks",
					"$(inherited)",
				);
				INFOPLIST_FILE = RunnerPictureMapperTests/Info.plist;
				LD_RUNPATH_SEARCH_PATHS = "$(inherited) @executable_path/Frameworks @loader_path/Frameworks";
				PRODUCT_NAME = "$(TARGET_NAME)";
				TEST_HOST = "$(BUILT_PRODUCTS_DIR)/RunnerPictureMapper.app/RunnerPictureMapper";
			};
			name = Release;
		};
/* End XCBuildConfiguration section */

/* Begin XCConfigurationList section */
		97C279471A736F1D009D4B5C /* Build configuration list for PBXProject "RunnerPictureMapper" */ = {
			isa = XCConfigurationList;
			buildConfigurations = (
				97C279731A736F1D009D4B5C /* Debug */,
				97C279741A736F1D009D4B5C /* Release */,
			);
			defaultConfigurationIsVisible = 0;
			defaultConfigurationName = Release;
		};
		97C279751A736F1D009D4B5C /* Build configuration list for PBXNativeTarget "RunnerPictureMapper" */ = {
			isa = XCConfigurationList;
			buildConfigurations = (
				97C279761A736F1D009D4B5C /* Debug */,
				97C279771A736F1D009D4B5C /* Release */,
			);
			defaultConfigurationIsVisible = 0;
		};
		97C279781A736F1D009D4B5C /* Build configuration list for PBXNativeTarget "RunnerPictureMapperTests" */ = {
			isa = XCConfigurationList;
			buildConfigurations = (
				97C279791A736F1D009D4B5C /* Debug */,
				97C2797A1A736F1D009D4B5C /* Release */,
			);
			defaultConfigurationIsVisible = 0;
		};
/* End XCConfigurationList section */
	};
	rootObject = 97C279441A736F1D009D4B5C /* Project object */;
}
