// !$*UTF8*$!
{
	archiveVersion = 1;
	classes = {
	};
	objectVersion = 46;
	objects = {

/* Begin PBXBuildFile section */
		97C2798E1A74810D009D4B5C /* main.m in Sources */ = {isa = PBXBuildFile; fileRef = 97C2798D1A74810D009D4B5C /* main.m */; };
		97C279911A74810D009D4B5C /* AppDelegate.m in Sources */ = {isa = PBXBuildFile; fileRef = 97C279901A74810D009D4B5C /* AppDelegate.m */; };
		97C279941A74810D009D4B5C /* FirstViewController.m in Sources */ = {isa = PBXBuildFile; fileRef = 97C279931A74810D009D4B5C /* FirstViewController.m */; };
		97C279971A74810D009D4B5C /* SecondViewController.m in Sources */ = {isa = PBXBuildFile; fileRef = 97C279961A74810D009D4B5C /* SecondViewController.m */; };
		97C2799A1A74810D009D4B5C /* Main.storyboard in Resources */ = {isa = PBXBuildFile; fileRef = 97C279981A74810D009D4B5C /* Main.storyboard */; };
		97C2799C1A74810D009D4B5C /* Images.xcassets in Resources */ = {isa = PBXBuildFile; fileRef = 97C2799B1A74810D009D4B5C /* Images.xcassets */; };
		97C2799F1A74810D009D4B5C /* LaunchScreen.xib in Resources */ = {isa = PBXBuildFile; fileRef = 97C2799D1A74810D009D4B5C /* LaunchScreen.xib */; };
		97C279AB1A74810D009D4B5C /* RPMTests.m in Sources */ = {isa = PBXBuildFile; fileRef = 97C279AA1A74810D009D4B5C /* RPMTests.m */; };
		97C279B61A748BDC009D4B5C /* RPMLocationManager.m in Sources */ = {isa = PBXBuildFile; fileRef = 97C279B51A748BDC009D4B5C /* RPMLocationManager.m */; };
		97C279B81A748E68009D4B5C /* MapKit.framework in Frameworks */ = {isa = PBXBuildFile; fileRef = 97C279B71A748E68009D4B5C /* MapKit.framework */; };
/* End PBXBuildFile section */

/* Begin PBXContainerItemProxy section */
		97C279A51A74810D009D4B5C /* PBXContainerItemProxy */ = {
			isa = PBXContainerItemProxy;
			containerPortal = 97C279801A74810D009D4B5C /* Project object */;
			proxyType = 1;
			remoteGlobalIDString = 97C279871A74810D009D4B5C;
			remoteInfo = RPM;
		};
/* End PBXContainerItemProxy section */

/* Begin PBXFileReference section */
		97C279881A74810D009D4B5C /* RPM.app */ = {isa = PBXFileReference; explicitFileType = wrapper.application; includeInIndex = 0; path = RPM.app; sourceTree = BUILT_PRODUCTS_DIR; };
		97C2798C1A74810D009D4B5C /* Info.plist */ = {isa = PBXFileReference; lastKnownFileType = text.plist.xml; path = Info.plist; sourceTree = "<group>"; };
		97C2798D1A74810D009D4B5C /* main.m */ = {isa = PBXFileReference; lastKnownFileType = sourcecode.c.objc; path = main.m; sourceTree = "<group>"; };
		97C2798F1A74810D009D4B5C /* AppDelegate.h */ = {isa = PBXFileReference; lastKnownFileType = sourcecode.c.h; path = AppDelegate.h; sourceTree = "<group>"; };
		97C279901A74810D009D4B5C /* AppDelegate.m */ = {isa = PBXFileReference; lastKnownFileType = sourcecode.c.objc; path = AppDelegate.m; sourceTree = "<group>"; };
		97C279921A74810D009D4B5C /* FirstViewController.h */ = {isa = PBXFileReference; lastKnownFileType = sourcecode.c.h; path = FirstViewController.h; sourceTree = "<group>"; };
		97C279931A74810D009D4B5C /* FirstViewController.m */ = {isa = PBXFileReference; lastKnownFileType = sourcecode.c.objc; path = FirstViewController.m; sourceTree = "<group>"; };
		97C279951A74810D009D4B5C /* SecondViewController.h */ = {isa = PBXFileReference; lastKnownFileType = sourcecode.c.h; path = SecondViewController.h; sourceTree = "<group>"; };
		97C279961A74810D009D4B5C /* SecondViewController.m */ = {isa = PBXFileReference; lastKnownFileType = sourcecode.c.objc; path = SecondViewController.m; sourceTree = "<group>"; };
		97C279991A74810D009D4B5C /* Base */ = {isa = PBXFileReference; lastKnownFileType = file.storyboard; name = Base; path = Base.lproj/Main.storyboard; sourceTree = "<group>"; };
		97C2799B1A74810D009D4B5C /* Images.xcassets */ = {isa = PBXFileReference; lastKnownFileType = folder.assetcatalog; path = Images.xcassets; sourceTree = "<group>"; };
		97C2799E1A74810D009D4B5C /* Base */ = {isa = PBXFileReference; lastKnownFileType = file.xib; name = Base; path = Base.lproj/LaunchScreen.xib; sourceTree = "<group>"; };
		97C279A41A74810D009D4B5C /* RPMTests.xctest */ = {isa = PBXFileReference; explicitFileType = wrapper.cfbundle; includeInIndex = 0; path = RPMTests.xctest; sourceTree = BUILT_PRODUCTS_DIR; };
		97C279A91A74810D009D4B5C /* Info.plist */ = {isa = PBXFileReference; lastKnownFileType = text.plist.xml; path = Info.plist; sourceTree = "<group>"; };
		97C279AA1A74810D009D4B5C /* RPMTests.m */ = {isa = PBXFileReference; lastKnownFileType = sourcecode.c.objc; path = RPMTests.m; sourceTree = "<group>"; };
		97C279B41A748BDC009D4B5C /* RPMLocationManager.h */ = {isa = PBXFileReference; fileEncoding = 4; lastKnownFileType = sourcecode.c.h; path = RPMLocationManager.h; sourceTree = "<group>"; };
		97C279B51A748BDC009D4B5C /* RPMLocationManager.m */ = {isa = PBXFileReference; fileEncoding = 4; lastKnownFileType = sourcecode.c.objc; path = RPMLocationManager.m; sourceTree = "<group>"; };
		97C279B71A748E68009D4B5C /* MapKit.framework */ = {isa = PBXFileReference; lastKnownFileType = wrapper.framework; name = MapKit.framework; path = System/Library/Frameworks/MapKit.framework; sourceTree = SDKROOT; };
/* End PBXFileReference section */

/* Begin PBXFrameworksBuildPhase section */
		97C279851A74810D009D4B5C /* Frameworks */ = {
			isa = PBXFrameworksBuildPhase;
			buildActionMask = 2147483647;
			files = (
				97C279B81A748E68009D4B5C /* MapKit.framework in Frameworks */,
			);
			runOnlyForDeploymentPostprocessing = 0;
		};
		97C279A11A74810D009D4B5C /* Frameworks */ = {
			isa = PBXFrameworksBuildPhase;
			buildActionMask = 2147483647;
			files = (
			);
			runOnlyForDeploymentPostprocessing = 0;
		};
/* End PBXFrameworksBuildPhase section */

/* Begin PBXGroup section */
		97C2797F1A74810D009D4B5C = {
			isa = PBXGroup;
			children = (
				97C2798A1A74810D009D4B5C /* RPM */,
				97C279A71A74810D009D4B5C /* RPMTests */,
				97C279891A74810D009D4B5C /* Products */,
			);
			sourceTree = "<group>";
		};
		97C279891A74810D009D4B5C /* Products */ = {
			isa = PBXGroup;
			children = (
				97C279881A74810D009D4B5C /* RPM.app */,
				97C279A41A74810D009D4B5C /* RPMTests.xctest */,
			);
			name = Products;
			sourceTree = "<group>";
		};
		97C2798A1A74810D009D4B5C /* RPM */ = {
			isa = PBXGroup;
			children = (
				97C2798F1A74810D009D4B5C /* AppDelegate.h */,
				97C279901A74810D009D4B5C /* AppDelegate.m */,
				97C279921A74810D009D4B5C /* FirstViewController.h */,
				97C279931A74810D009D4B5C /* FirstViewController.m */,
				97C279951A74810D009D4B5C /* SecondViewController.h */,
				97C279961A74810D009D4B5C /* SecondViewController.m */,
				97C279B41A748BDC009D4B5C /* RPMLocationManager.h */,
				97C279B51A748BDC009D4B5C /* RPMLocationManager.m */,
				97C279981A74810D009D4B5C /* Main.storyboard */,
				97C2799B1A74810D009D4B5C /* Images.xcassets */,
				97C2799D1A74810D009D4B5C /* LaunchScreen.xib */,
				97C279B71A748E68009D4B5C /* MapKit.framework */,
				97C2798B1A74810D009D4B5C /* Supporting Files */,
			);
			path = RPM;
			sourceTree = "<group>";
		};
		97C2798B1A74810D009D4B5C /* Supporting Files */ = {
			isa = PBXGroup;
			children = (
				97C2798C1A74810D009D4B5C /* Info.plist */,
				97C2798D1A74810D009D4B5C /* main.m */,
			);
			name = "Supporting Files";
			sourceTree = "<group>";
		};
		97C279A71A74810D009D4B5C /* RPMTests */ = {
			isa = PBXGroup;
			children = (
				97C279AA1A74810D009D4B5C /* RPMTests.m */,
				97C279A81A74810D009D4B5C /* Supporting Files */,
			);
			path = RPMTests;
			sourceTree = "<group>";
		};
		97C279A81A74810D009D4B5C /* Supporting Files */ = {
			isa = PBXGroup;
			children = (
				97C279A91A74810D009D4B5C /* Info.plist */,
			);
			name = "Supporting Files";
			sourceTree = "<group>";
		};
/* End PBXGroup section */

/* Begin PBXNativeTarget section */
		97C279871A74810D009D4B5C /* RPM */ = {
			isa = PBXNativeTarget;
			buildConfigurationList = 97C279AE1A74810D009D4B5C /* Build configuration list for PBXNativeTarget "RPM" */;
			buildPhases = (
				97C279841A74810D009D4B5C /* Sources */,
				97C279851A74810D009D4B5C /* Frameworks */,
				97C279861A74810D009D4B5C /* Resources */,
			);
			buildRules = (
			);
			dependencies = (
			);
			name = RPM;
			productName = RPM;
			productReference = 97C279881A74810D009D4B5C /* RPM.app */;
			productType = "com.apple.product-type.application";
		};
		97C279A31A74810D009D4B5C /* RPMTests */ = {
			isa = PBXNativeTarget;
			buildConfigurationList = 97C279B11A74810D009D4B5C /* Build configuration list for PBXNativeTarget "RPMTests" */;
			buildPhases = (
				97C279A01A74810D009D4B5C /* Sources */,
				97C279A11A74810D009D4B5C /* Frameworks */,
				97C279A21A74810D009D4B5C /* Resources */,
			);
			buildRules = (
			);
			dependencies = (
				97C279A61A74810D009D4B5C /* PBXTargetDependency */,
			);
			name = RPMTests;
			productName = RPMTests;
			productReference = 97C279A41A74810D009D4B5C /* RPMTests.xctest */;
			productType = "com.apple.product-type.bundle.unit-test";
		};
/* End PBXNativeTarget section */

/* Begin PBXProject section */
		97C279801A74810D009D4B5C /* Project object */ = {
			isa = PBXProject;
			attributes = {
				LastUpgradeCheck = 0610;
				ORGANIZATIONNAME = "Jordan Zucker";
				TargetAttributes = {
					97C279871A74810D009D4B5C = {
						CreatedOnToolsVersion = 6.1.1;
						SystemCapabilities = {
							com.apple.BackgroundModes = {
								enabled = 1;
							};
							com.apple.Maps.iOS = {
								enabled = 1;
							};
						};
					};
					97C279A31A74810D009D4B5C = {
						CreatedOnToolsVersion = 6.1.1;
						TestTargetID = 97C279871A74810D009D4B5C;
					};
				};
			};
			buildConfigurationList = 97C279831A74810D009D4B5C /* Build configuration list for PBXProject "RPM" */;
			compatibilityVersion = "Xcode 3.2";
			developmentRegion = English;
			hasScannedForEncodings = 0;
			knownRegions = (
				en,
				Base,
			);
			mainGroup = 97C2797F1A74810D009D4B5C;
			productRefGroup = 97C279891A74810D009D4B5C /* Products */;
			projectDirPath = "";
			projectRoot = "";
			targets = (
				97C279871A74810D009D4B5C /* RPM */,
				97C279A31A74810D009D4B5C /* RPMTests */,
			);
		};
/* End PBXProject section */

/* Begin PBXResourcesBuildPhase section */
		97C279861A74810D009D4B5C /* Resources */ = {
			isa = PBXResourcesBuildPhase;
			buildActionMask = 2147483647;
			files = (
				97C2799A1A74810D009D4B5C /* Main.storyboard in Resources */,
				97C2799F1A74810D009D4B5C /* LaunchScreen.xib in Resources */,
				97C2799C1A74810D009D4B5C /* Images.xcassets in Resources */,
			);
			runOnlyForDeploymentPostprocessing = 0;
		};
		97C279A21A74810D009D4B5C /* Resources */ = {
			isa = PBXResourcesBuildPhase;
			buildActionMask = 2147483647;
			files = (
			);
			runOnlyForDeploymentPostprocessing = 0;
		};
/* End PBXResourcesBuildPhase section */

/* Begin PBXSourcesBuildPhase section */
		97C279841A74810D009D4B5C /* Sources */ = {
			isa = PBXSourcesBuildPhase;
			buildActionMask = 2147483647;
			files = (
				97C279971A74810D009D4B5C /* SecondViewController.m in Sources */,
				97C279911A74810D009D4B5C /* AppDelegate.m in Sources */,
				97C279941A74810D009D4B5C /* FirstViewController.m in Sources */,
				97C279B61A748BDC009D4B5C /* RPMLocationManager.m in Sources */,
				97C2798E1A74810D009D4B5C /* main.m in Sources */,
			);
			runOnlyForDeploymentPostprocessing = 0;
		};
		97C279A01A74810D009D4B5C /* Sources */ = {
			isa = PBXSourcesBuildPhase;
			buildActionMask = 2147483647;
			files = (
				97C279AB1A74810D009D4B5C /* RPMTests.m in Sources */,
			);
			runOnlyForDeploymentPostprocessing = 0;
		};
/* End PBXSourcesBuildPhase section */

/* Begin PBXTargetDependency section */
		97C279A61A74810D009D4B5C /* PBXTargetDependency */ = {
			isa = PBXTargetDependency;
			target = 97C279871A74810D009D4B5C /* RPM */;
			targetProxy = 97C279A51A74810D009D4B5C /* PBXContainerItemProxy */;
		};
/* End PBXTargetDependency section */

/* Begin PBXVariantGroup section */
		97C279981A74810D009D4B5C /* Main.storyboard */ = {
			isa = PBXVariantGroup;
			children = (
				97C279991A74810D009D4B5C /* Base */,
			);
			name = Main.storyboard;
			sourceTree = "<group>";
		};
		97C2799D1A74810D009D4B5C /* LaunchScreen.xib */ = {
			isa = PBXVariantGroup;
			children = (
				97C2799E1A74810D009D4B5C /* Base */,
			);
			name = LaunchScreen.xib;
			sourceTree = "<group>";
		};
/* End PBXVariantGroup section */

/* Begin XCBuildConfiguration section */
		97C279AC1A74810D009D4B5C /* Debug */ = {
			isa = XCBuildConfiguration;
			buildSettings = {
				ALWAYS_SEARCH_USER_PATHS = NO;
				CLANG_CXX_LANGUAGE_STANDARD = "gnu++0x";
				CLANG_CXX_LIBRARY = "libc++";
				CLANG_ENABLE_MODULES = YES;
				CLANG_ENABLE_OBJC_ARC = YES;
				CLANG_WARN_BOOL_CONVERSION = YES;
				CLANG_WARN_CONSTANT_CONVERSION = YES;
				CLANG_WARN_DIRECT_OBJC_ISA_USAGE = YES_ERROR;
				CLANG_WARN_EMPTY_BODY = YES;
				CLANG_WARN_ENUM_CONVERSION = YES;
				CLANG_WARN_INT_CONVERSION = YES;
				CLANG_WARN_OBJC_ROOT_CLASS = YES_ERROR;
				CLANG_WARN_UNREACHABLE_CODE = YES;
				CLANG_WARN__DUPLICATE_METHOD_MATCH = YES;
				"CODE_SIGN_IDENTITY[sdk=iphoneos*]" = "iPhone Developer";
				COPY_PHASE_STRIP = NO;
				ENABLE_STRICT_OBJC_MSGSEND = YES;
				GCC_C_LANGUAGE_STANDARD = gnu99;
				GCC_DYNAMIC_NO_PIC = NO;
				GCC_OPTIMIZATION_LEVEL = 0;
				GCC_PREPROCESSOR_DEFINITIONS = (
					"DEBUG=1",
					"$(inherited)",
				);
				GCC_SYMBOLS_PRIVATE_EXTERN = NO;
				GCC_WARN_64_TO_32_BIT_CONVERSION = YES;
				GCC_WARN_ABOUT_RETURN_TYPE = YES_ERROR;
				GCC_WARN_UNDECLARED_SELECTOR = YES;
				GCC_WARN_UNINITIALIZED_AUTOS = YES_AGGRESSIVE;
				GCC_WARN_UNUSED_FUNCTION = YES;
				GCC_WARN_UNUSED_VARIABLE = YES;
				IPHONEOS_DEPLOYMENT_TARGET = 8.1;
				MTL_ENABLE_DEBUG_INFO = YES;
				ONLY_ACTIVE_ARCH = YES;
				SDKROOT = iphoneos;
			};
			name = Debug;
		};
		97C279AD1A74810D009D4B5C /* Release */ = {
			isa = XCBuildConfiguration;
			buildSettings = {
				ALWAYS_SEARCH_USER_PATHS = NO;
				CLANG_CXX_LANGUAGE_STANDARD = "gnu++0x";
				CLANG_CXX_LIBRARY = "libc++";
				CLANG_ENABLE_MODULES = YES;
				CLANG_ENABLE_OBJC_ARC = YES;
				CLANG_WARN_BOOL_CONVERSION = YES;
				CLANG_WARN_CONSTANT_CONVERSION = YES;
				CLANG_WARN_DIRECT_OBJC_ISA_USAGE = YES_ERROR;
				CLANG_WARN_EMPTY_BODY = YES;
				CLANG_WARN_ENUM_CONVERSION = YES;
				CLANG_WARN_INT_CONVERSION = YES;
				CLANG_WARN_OBJC_ROOT_CLASS = YES_ERROR;
				CLANG_WARN_UNREACHABLE_CODE = YES;
				CLANG_WARN__DUPLICATE_METHOD_MATCH = YES;
				"CODE_SIGN_IDENTITY[sdk=iphoneos*]" = "iPhone Developer";
				COPY_PHASE_STRIP = YES;
				ENABLE_NS_ASSERTIONS = NO;
				ENABLE_STRICT_OBJC_MSGSEND = YES;
				GCC_C_LANGUAGE_STANDARD = gnu99;
				GCC_WARN_64_TO_32_BIT_CONVERSION = YES;
				GCC_WARN_ABOUT_RETURN_TYPE = YES_ERROR;
				GCC_WARN_UNDECLARED_SELECTOR = YES;
				GCC_WARN_UNINITIALIZED_AUTOS = YES_AGGRESSIVE;
				GCC_WARN_UNUSED_FUNCTION = YES;
				GCC_WARN_UNUSED_VARIABLE = YES;
				IPHONEOS_DEPLOYMENT_TARGET = 8.1;
				MTL_ENABLE_DEBUG_INFO = NO;
				SDKROOT = iphoneos;
				VALIDATE_PRODUCT = YES;
			};
			name = Release;
		};
		97C279AF1A74810D009D4B5C /* Debug */ = {
			isa = XCBuildConfiguration;
			buildSettings = {
				ASSETCATALOG_COMPILER_APPICON_NAME = AppIcon;
				INFOPLIST_FILE = RPM/Info.plist;
				LD_RUNPATH_SEARCH_PATHS = "$(inherited) @executable_path/Frameworks";
				PRODUCT_NAME = "$(TARGET_NAME)";
			};
			name = Debug;
		};
		97C279B01A74810D009D4B5C /* Release */ = {
			isa = XCBuildConfiguration;
			buildSettings = {
				ASSETCATALOG_COMPILER_APPICON_NAME = AppIcon;
				INFOPLIST_FILE = RPM/Info.plist;
				LD_RUNPATH_SEARCH_PATHS = "$(inherited) @executable_path/Frameworks";
				PRODUCT_NAME = "$(TARGET_NAME)";
			};
			name = Release;
		};
		97C279B21A74810D009D4B5C /* Debug */ = {
			isa = XCBuildConfiguration;
			buildSettings = {
				BUNDLE_LOADER = "$(TEST_HOST)";
				FRAMEWORK_SEARCH_PATHS = (
					"$(SDKROOT)/Developer/Library/Frameworks",
					"$(inherited)",
				);
				GCC_PREPROCESSOR_DEFINITIONS = (
					"DEBUG=1",
					"$(inherited)",
				);
				INFOPLIST_FILE = RPMTests/Info.plist;
				LD_RUNPATH_SEARCH_PATHS = "$(inherited) @executable_path/Frameworks @loader_path/Frameworks";
				PRODUCT_NAME = "$(TARGET_NAME)";
				TEST_HOST = "$(BUILT_PRODUCTS_DIR)/RPM.app/RPM";
			};
			name = Debug;
		};
		97C279B31A74810D009D4B5C /* Release */ = {
			isa = XCBuildConfiguration;
			buildSettings = {
				BUNDLE_LOADER = "$(TEST_HOST)";
				FRAMEWORK_SEARCH_PATHS = (
					"$(SDKROOT)/Developer/Library/Frameworks",
					"$(inherited)",
				);
				INFOPLIST_FILE = RPMTests/Info.plist;
				LD_RUNPATH_SEARCH_PATHS = "$(inherited) @executable_path/Frameworks @loader_path/Frameworks";
				PRODUCT_NAME = "$(TARGET_NAME)";
				TEST_HOST = "$(BUILT_PRODUCTS_DIR)/RPM.app/RPM";
			};
			name = Release;
		};
/* End XCBuildConfiguration section */

/* Begin XCConfigurationList section */
		97C279831A74810D009D4B5C /* Build configuration list for PBXProject "RPM" */ = {
			isa = XCConfigurationList;
			buildConfigurations = (
				97C279AC1A74810D009D4B5C /* Debug */,
				97C279AD1A74810D009D4B5C /* Release */,
			);
			defaultConfigurationIsVisible = 0;
			defaultConfigurationName = Release;
		};
		97C279AE1A74810D009D4B5C /* Build configuration list for PBXNativeTarget "RPM" */ = {
			isa = XCConfigurationList;
			buildConfigurations = (
				97C279AF1A74810D009D4B5C /* Debug */,
				97C279B01A74810D009D4B5C /* Release */,
			);
			defaultConfigurationIsVisible = 0;
		};
		97C279B11A74810D009D4B5C /* Build configuration list for PBXNativeTarget "RPMTests" */ = {
			isa = XCConfigurationList;
			buildConfigurations = (
				97C279B21A74810D009D4B5C /* Debug */,
				97C279B31A74810D009D4B5C /* Release */,
			);
			defaultConfigurationIsVisible = 0;
		};
/* End XCConfigurationList section */
	};
	rootObject = 97C279801A74810D009D4B5C /* Project object */;
}
